
Microsoft Visual Studio Solution File, Format Version 12.00
# Visual Studio 15
VisualStudioVersion = 15.0.26923.0
MinimumVisualStudioVersion = 10.0.40219.1
Project("{FAE04EC0-301F-11D3-BF4B-00C04F79EFBC}") = "Bridge.AspNetCore.SignalR.Client", "Bridge.AspNetCore.SignalR.Client\Bridge.AspNetCore.SignalR.Client.csproj", "{DE918BC7-203C-4899-96C9-323CC7E4B9E6}"
EndProject
Project("{FAE04EC0-301F-11D3-BF4B-00C04F79EFBC}") = "Example", "Example\Example.csproj", "{8D063CA0-523F-473E-8E9E-803DFAC4D030}"
EndProject
Global
	GlobalSection(SolutionConfigurationPlatforms) = preSolution
		Debug|Any CPU = Debug|Any CPU
		Release|Any CPU = Release|Any CPU
	EndGlobalSection
	GlobalSection(ProjectConfigurationPlatforms) = postSolution
		{DE918BC7-203C-4899-96C9-323CC7E4B9E6}.Debug|Any CPU.ActiveCfg = Debug|Any CPU
		{DE918BC7-203C-4899-96C9-323CC7E4B9E6}.Debug|Any CPU.Build.0 = Debug|Any CPU
		{DE918BC7-203C-4899-96C9-323CC7E4B9E6}.Release|Any CPU.ActiveCfg = Release|Any CPU
		{DE918BC7-203C-4899-96C9-323CC7E4B9E6}.Release|Any CPU.Build.0 = Release|Any CPU
		{8D063CA0-523F-473E-8E9E-803DFAC4D030}.Debug|Any CPU.ActiveCfg = Debug|Any CPU
		{8D063CA0-523F-473E-8E9E-803DFAC4D030}.Debug|Any CPU.Build.0 = Debug|Any CPU
		{8D063CA0-523F-473E-8E9E-803DFAC4D030}.Release|Any CPU.ActiveCfg = Release|Any CPU
		{8D063CA0-523F-473E-8E9E-803DFAC4D030}.Release|Any CPU.Build.0 = Release|Any CPU
	EndGlobalSection
	GlobalSection(SolutionProperties) = preSolution
		HideSolutionNode = FALSE
	EndGlobalSection
	GlobalSection(ExtensibilityGlobals) = postSolution
		SolutionGuid = {AE694A40-2E34-495F-9494-9856116FF673}
	EndGlobalSection
EndGlobal
